
Microsoft Visual Studio Solution File, Format Version 9.00
# Visual Studio 2005
Project("{8BC9CEB8-8B4A-11D0-8D11-00A0C91BC942}") = "ctrl", "ctrl\ctrl.vcproj", "{37105FF0-5CBD-4957-AD9D-5ED9D91F5D27}"
EndProject
Project("{8BC9CEB8-8B4A-11D0-8D11-00A0C91BC942}") = "gxsprite", "gxsprite\gxsprite.vcproj", "{C9C48849-FA98-43DB-B4D9-95861EBDBC8B}"
EndProject
Global
	GlobalSection(SolutionConfigurationPlatforms) = preSolution
		Debug|Win32 = Debug|Win32
		Release|Win32 = Release|Win32
	EndGlobalSection
	GlobalSection(ProjectConfigurationPlatforms) = postSolution
		{37105FF0-5CBD-4957-AD9D-5ED9D91F5D27}.Debug|Win32.ActiveCfg = Debug|Win32
		{37105FF0-5CBD-4957-AD9D-5ED9D91F5D27}.Debug|Win32.Build.0 = Debug|Win32
		{37105FF0-5CBD-4957-AD9D-5ED9D91F5D27}.Release|Win32.ActiveCfg = Release|Win32
		{37105FF0-5CBD-4957-AD9D-5ED9D91F5D27}.Release|Win32.Build.0 = Release|Win32
		{C9C48849-FA98-43DB-B4D9-95861EBDBC8B}.Debug|Win32.ActiveCfg = Debug|Win32
		{C9C48849-FA98-43DB-B4D9-95861EBDBC8B}.Debug|Win32.Build.0 = Debug|Win32
		{C9C48849-FA98-43DB-B4D9-95861EBDBC8B}.Release|Win32.ActiveCfg = Release|Win32
		{C9C48849-FA98-43DB-B4D9-95861EBDBC8B}.Release|Win32.Build.0 = Release|Win32
	EndGlobalSection
	GlobalSection(SolutionProperties) = preSolution
		HideSolutionNode = FALSE
	EndGlobalSection
EndGlobal
